
Microsoft Visual Studio Solution File, Format Version 12.00
# Visual Studio 15
VisualStudioVersion = 15.0.26124.0
MinimumVisualStudioVersion = 15.0.26124.0
Project("{2150E333-8FDC-42A3-9474-1A3956D46DE8}") = "src", "src", "{20C2A45B-F957-400C-A07A-9F8A15D9E52A}"
EndProject
Project("{9A19103F-16F7-4668-BE54-9A1E7A4F7556}") = "ShootR", "src\ShootR\ShootR.csproj", "{59465E71-31BE-4992-BAF6-FADD86E1DEBE}"
EndProject
Project("{2150E333-8FDC-42A3-9474-1A3956D46DE8}") = "build", "build", "{E243D7C5-2AA9-4103-9FE0-118D7408A950}"
	ProjectSection(SolutionItems) = preProject
		build\dependencies.props = build\dependencies.props
	EndProjectSection
EndProject
Project("{9A19103F-16F7-4668-BE54-9A1E7A4F7556}") = "ShootR.BotClient", "src\ShootR.BotClient\ShootR.BotClient.csproj", "{E1465752-96CA-483D-8937-2CBE9F1723CB}"
EndProject
Project("{2150E333-8FDC-42A3-9474-1A3956D46DE8}") = "samples", "samples", "{121D8594-4F1A-45CE-9AA2-169DAB0BE2A1}"
EndProject
Project("{9A19103F-16F7-4668-BE54-9A1E7A4F7556}") = "ShootR.Common", "src\ShootR.Common\ShootR.Common.csproj", "{594FB333-2332-4DD1-9CB9-38FC3C217FA9}"
EndProject
Project("{9A19103F-16F7-4668-BE54-9A1E7A4F7556}") = "ShootR.BotClient.Sample", "samples\ShootR.BotClient.Sample\ShootR.BotClient.Sample.csproj", "{FCA3A5E6-657F-48CC-9EF8-7D371EBAE9ED}"
EndProject
Project("{9A19103F-16F7-4668-BE54-9A1E7A4F7556}") = "ShootR.AIClient", "src\ShootR.AIClient\ShootR.AIClient.csproj", "{34FC1F22-0547-46D8-9909-8FDC1E3212A5}"
EndProject
Project("{FAE04EC0-301F-11D3-BF4B-00C04F79EFBC}") = "ShootR.Bots.DerpyHooves", "samples\ShootR.Bots.DerpyHooves\ShootR.Bots.DerpyHooves.csproj", "{8B7DE0D4-679F-4F0D-948D-0B73E1B23B22}"
EndProject
Global
	GlobalSection(SolutionConfigurationPlatforms) = preSolution
		Debug|Any CPU = Debug|Any CPU
		Release|Any CPU = Release|Any CPU
	EndGlobalSection
	GlobalSection(ProjectConfigurationPlatforms) = postSolution
		{59465E71-31BE-4992-BAF6-FADD86E1DEBE}.Debug|Any CPU.ActiveCfg = Debug|Any CPU
		{59465E71-31BE-4992-BAF6-FADD86E1DEBE}.Debug|Any CPU.Build.0 = Debug|Any CPU
		{59465E71-31BE-4992-BAF6-FADD86E1DEBE}.Release|Any CPU.ActiveCfg = Release|Any CPU
		{59465E71-31BE-4992-BAF6-FADD86E1DEBE}.Release|Any CPU.Build.0 = Release|Any CPU
		{E1465752-96CA-483D-8937-2CBE9F1723CB}.Debug|Any CPU.ActiveCfg = Debug|Any CPU
		{E1465752-96CA-483D-8937-2CBE9F1723CB}.Debug|Any CPU.Build.0 = Debug|Any CPU
		{E1465752-96CA-483D-8937-2CBE9F1723CB}.Release|Any CPU.ActiveCfg = Release|Any CPU
		{E1465752-96CA-483D-8937-2CBE9F1723CB}.Release|Any CPU.Build.0 = Release|Any CPU
		{594FB333-2332-4DD1-9CB9-38FC3C217FA9}.Debug|Any CPU.ActiveCfg = Debug|Any CPU
		{594FB333-2332-4DD1-9CB9-38FC3C217FA9}.Debug|Any CPU.Build.0 = Debug|Any CPU
		{594FB333-2332-4DD1-9CB9-38FC3C217FA9}.Release|Any CPU.ActiveCfg = Release|Any CPU
		{594FB333-2332-4DD1-9CB9-38FC3C217FA9}.Release|Any CPU.Build.0 = Release|Any CPU
		{FCA3A5E6-657F-48CC-9EF8-7D371EBAE9ED}.Debug|Any CPU.ActiveCfg = Debug|Any CPU
		{FCA3A5E6-657F-48CC-9EF8-7D371EBAE9ED}.Debug|Any CPU.Build.0 = Debug|Any CPU
		{FCA3A5E6-657F-48CC-9EF8-7D371EBAE9ED}.Release|Any CPU.ActiveCfg = Release|Any CPU
		{FCA3A5E6-657F-48CC-9EF8-7D371EBAE9ED}.Release|Any CPU.Build.0 = Release|Any CPU
		{34FC1F22-0547-46D8-9909-8FDC1E3212A5}.Debug|Any CPU.ActiveCfg = Debug|Any CPU
		{34FC1F22-0547-46D8-9909-8FDC1E3212A5}.Debug|Any CPU.Build.0 = Debug|Any CPU
		{34FC1F22-0547-46D8-9909-8FDC1E3212A5}.Release|Any CPU.ActiveCfg = Release|Any CPU
		{34FC1F22-0547-46D8-9909-8FDC1E3212A5}.Release|Any CPU.Build.0 = Release|Any CPU
		{8B7DE0D4-679F-4F0D-948D-0B73E1B23B22}.Debug|Any CPU.ActiveCfg = Debug|Any CPU
		{8B7DE0D4-679F-4F0D-948D-0B73E1B23B22}.Debug|Any CPU.Build.0 = Debug|Any CPU
		{8B7DE0D4-679F-4F0D-948D-0B73E1B23B22}.Release|Any CPU.ActiveCfg = Release|Any CPU
		{8B7DE0D4-679F-4F0D-948D-0B73E1B23B22}.Release|Any CPU.Build.0 = Release|Any CPU
	EndGlobalSection
	GlobalSection(SolutionProperties) = preSolution
		HideSolutionNode = FALSE
	EndGlobalSection
	GlobalSection(NestedProjects) = preSolution
		{59465E71-31BE-4992-BAF6-FADD86E1DEBE} = {20C2A45B-F957-400C-A07A-9F8A15D9E52A}
		{E1465752-96CA-483D-8937-2CBE9F1723CB} = {20C2A45B-F957-400C-A07A-9F8A15D9E52A}
		{594FB333-2332-4DD1-9CB9-38FC3C217FA9} = {20C2A45B-F957-400C-A07A-9F8A15D9E52A}
		{FCA3A5E6-657F-48CC-9EF8-7D371EBAE9ED} = {121D8594-4F1A-45CE-9AA2-169DAB0BE2A1}
		{34FC1F22-0547-46D8-9909-8FDC1E3212A5} = {20C2A45B-F957-400C-A07A-9F8A15D9E52A}
		{8B7DE0D4-679F-4F0D-948D-0B73E1B23B22} = {121D8594-4F1A-45CE-9AA2-169DAB0BE2A1}
	EndGlobalSection
	GlobalSection(ExtensibilityGlobals) = postSolution
		SolutionGuid = {44F25DE7-C7EA-4198-B72B-68F0F9B5D311}
	EndGlobalSection
EndGlobal
