
Microsoft Visual Studio Solution File, Format Version 12.00
# Visual Studio 15
VisualStudioVersion = 15.0.26124.0
MinimumVisualStudioVersion = 15.0.26124.0
Project("{2150E333-8FDC-42A3-9474-1A3956D46DE8}") = "src", "src", "{20C2A45B-F957-400C-A07A-9F8A15D9E52A}"
EndProject
Project("{9A19103F-16F7-4668-BE54-9A1E7A4F7556}") = "ShootR", "src\ShootR\ShootR.csproj", "{59465E71-31BE-4992-BAF6-FADD86E1DEBE}"
EndProject
Project("{2150E333-8FDC-42A3-9474-1A3956D46DE8}") = "build", "build", "{E243D7C5-2AA9-4103-9FE0-118D7408A950}"
	ProjectSection(SolutionItems) = preProject
		build\dependencies.props = build\dependencies.props
	EndProjectSection
EndProject
Global
	GlobalSection(SolutionConfigurationPlatforms) = preSolution
		Debug|Any CPU = Debug|Any CPU
		Release|Any CPU = Release|Any CPU
	EndGlobalSection
	GlobalSection(ProjectConfigurationPlatforms) = postSolution
		{59465E71-31BE-4992-BAF6-FADD86E1DEBE}.Debug|Any CPU.ActiveCfg = Debug|Any CPU
		{59465E71-31BE-4992-BAF6-FADD86E1DEBE}.Debug|Any CPU.Build.0 = Debug|Any CPU
		{59465E71-31BE-4992-BAF6-FADD86E1DEBE}.Release|Any CPU.ActiveCfg = Release|Any CPU
		{59465E71-31BE-4992-BAF6-FADD86E1DEBE}.Release|Any CPU.Build.0 = Release|Any CPU
	EndGlobalSection
	GlobalSection(SolutionProperties) = preSolution
		HideSolutionNode = FALSE
	EndGlobalSection
	GlobalSection(NestedProjects) = preSolution
		{59465E71-31BE-4992-BAF6-FADD86E1DEBE} = {20C2A45B-F957-400C-A07A-9F8A15D9E52A}
	EndGlobalSection
	GlobalSection(ExtensibilityGlobals) = postSolution
		SolutionGuid = {44F25DE7-C7EA-4198-B72B-68F0F9B5D311}
	EndGlobalSection
EndGlobal
