
Microsoft Visual Studio Solution File, Format Version 12.00
# Visual Studio 15
VisualStudioVersion = 15.0.26124.0
MinimumVisualStudioVersion = 15.0.26124.0
Project("{2150E333-8FDC-42A3-9474-1A3956D46DE8}") = "src", "src", "{20C2A45B-F957-400C-A07A-9F8A15D9E52A}"
EndProject
Project("{9A19103F-16F7-4668-BE54-9A1E7A4F7556}") = "ShootR", "src\ShootR\ShootR.csproj", "{59465E71-31BE-4992-BAF6-FADD86E1DEBE}"
EndProject
Project("{2150E333-8FDC-42A3-9474-1A3956D46DE8}") = "build", "build", "{E243D7C5-2AA9-4103-9FE0-118D7408A950}"
	ProjectSection(SolutionItems) = preProject
		build\dependencies.props = build\dependencies.props
	EndProjectSection
EndProject
Project("{FAE04EC0-301F-11D3-BF4B-00C04F79EFBC}") = "ShootR.BotClient", "src\ShootR.BotClient\ShootR.BotClient.csproj", "{E1465752-96CA-483D-8937-2CBE9F1723CB}"
EndProject
Project("{2150E333-8FDC-42A3-9474-1A3956D46DE8}") = "samples", "samples", "{121D8594-4F1A-45CE-9AA2-169DAB0BE2A1}"
EndProject
Project("{FAE04EC0-301F-11D3-BF4B-00C04F79EFBC}") = "ShootR.BotClient.Sample", "ShootR.BotClient.Sample\ShootR.BotClient.Sample.csproj", "{1FCEE8EF-05EE-4810-BE57-796237330D2C}"
EndProject
Project("{FAE04EC0-301F-11D3-BF4B-00C04F79EFBC}") = "ShootR.Common", "src\ShootR.Common\ShootR.Common.csproj", "{A0A3F5FC-58A9-43A5-AEC7-6E51DEF8EE45}"
EndProject
Project("{FAE04EC0-301F-11D3-BF4B-00C04F79EFBC}") = "ShootR.AIClient", "src\ShootR.AIClient\ShootR.AIClient.csproj", "{25B88E19-653B-41E3-A78D-8255F5F8D4ED}"
EndProject
Global
	GlobalSection(SolutionConfigurationPlatforms) = preSolution
		Debug|Any CPU = Debug|Any CPU
		Release|Any CPU = Release|Any CPU
	EndGlobalSection
	GlobalSection(ProjectConfigurationPlatforms) = postSolution
		{59465E71-31BE-4992-BAF6-FADD86E1DEBE}.Debug|Any CPU.ActiveCfg = Debug|Any CPU
		{59465E71-31BE-4992-BAF6-FADD86E1DEBE}.Debug|Any CPU.Build.0 = Debug|Any CPU
		{59465E71-31BE-4992-BAF6-FADD86E1DEBE}.Release|Any CPU.ActiveCfg = Release|Any CPU
		{59465E71-31BE-4992-BAF6-FADD86E1DEBE}.Release|Any CPU.Build.0 = Release|Any CPU
		{E1465752-96CA-483D-8937-2CBE9F1723CB}.Debug|Any CPU.ActiveCfg = Debug|Any CPU
		{E1465752-96CA-483D-8937-2CBE9F1723CB}.Debug|Any CPU.Build.0 = Debug|Any CPU
		{E1465752-96CA-483D-8937-2CBE9F1723CB}.Release|Any CPU.ActiveCfg = Release|Any CPU
		{E1465752-96CA-483D-8937-2CBE9F1723CB}.Release|Any CPU.Build.0 = Release|Any CPU
		{1FCEE8EF-05EE-4810-BE57-796237330D2C}.Debug|Any CPU.ActiveCfg = Debug|Any CPU
		{1FCEE8EF-05EE-4810-BE57-796237330D2C}.Debug|Any CPU.Build.0 = Debug|Any CPU
		{1FCEE8EF-05EE-4810-BE57-796237330D2C}.Release|Any CPU.ActiveCfg = Release|Any CPU
		{1FCEE8EF-05EE-4810-BE57-796237330D2C}.Release|Any CPU.Build.0 = Release|Any CPU
		{A0A3F5FC-58A9-43A5-AEC7-6E51DEF8EE45}.Debug|Any CPU.ActiveCfg = Debug|Any CPU
		{A0A3F5FC-58A9-43A5-AEC7-6E51DEF8EE45}.Debug|Any CPU.Build.0 = Debug|Any CPU
		{A0A3F5FC-58A9-43A5-AEC7-6E51DEF8EE45}.Release|Any CPU.ActiveCfg = Release|Any CPU
		{A0A3F5FC-58A9-43A5-AEC7-6E51DEF8EE45}.Release|Any CPU.Build.0 = Release|Any CPU
		{25B88E19-653B-41E3-A78D-8255F5F8D4ED}.Debug|Any CPU.ActiveCfg = Debug|Any CPU
		{25B88E19-653B-41E3-A78D-8255F5F8D4ED}.Debug|Any CPU.Build.0 = Debug|Any CPU
		{25B88E19-653B-41E3-A78D-8255F5F8D4ED}.Release|Any CPU.ActiveCfg = Release|Any CPU
		{25B88E19-653B-41E3-A78D-8255F5F8D4ED}.Release|Any CPU.Build.0 = Release|Any CPU
	EndGlobalSection
	GlobalSection(SolutionProperties) = preSolution
		HideSolutionNode = FALSE
	EndGlobalSection
	GlobalSection(NestedProjects) = preSolution
		{59465E71-31BE-4992-BAF6-FADD86E1DEBE} = {20C2A45B-F957-400C-A07A-9F8A15D9E52A}
		{E1465752-96CA-483D-8937-2CBE9F1723CB} = {20C2A45B-F957-400C-A07A-9F8A15D9E52A}
		{1FCEE8EF-05EE-4810-BE57-796237330D2C} = {121D8594-4F1A-45CE-9AA2-169DAB0BE2A1}
		{A0A3F5FC-58A9-43A5-AEC7-6E51DEF8EE45} = {20C2A45B-F957-400C-A07A-9F8A15D9E52A}
		{25B88E19-653B-41E3-A78D-8255F5F8D4ED} = {20C2A45B-F957-400C-A07A-9F8A15D9E52A}
	EndGlobalSection
	GlobalSection(ExtensibilityGlobals) = postSolution
		SolutionGuid = {44F25DE7-C7EA-4198-B72B-68F0F9B5D311}
	EndGlobalSection
EndGlobal
